
Microsoft Visual Studio Solution File, Format Version 12.00
# Visual Studio Version 17
VisualStudioVersion = 17.4.33205.214
MinimumVisualStudioVersion = 10.0.40219.1
Project("{FAE04EC0-301F-11D3-BF4B-00C04F79EFBC}") = "AdventOfCode2022", "AdventOfCode2022\AdventOfCode2022.csproj", "{FD5983EB-D871-4296-809C-D5AA44272D52}"
EndProject
Global
	GlobalSection(SolutionConfigurationPlatforms) = preSolution
		Debug|Any CPU = Debug|Any CPU
		Release|Any CPU = Release|Any CPU
	EndGlobalSection
	GlobalSection(ProjectConfigurationPlatforms) = postSolution
		{FD5983EB-D871-4296-809C-D5AA44272D52}.Debug|Any CPU.ActiveCfg = Debug|Any CPU
		{FD5983EB-D871-4296-809C-D5AA44272D52}.Debug|Any CPU.Build.0 = Debug|Any CPU
		{FD5983EB-D871-4296-809C-D5AA44272D52}.Release|Any CPU.ActiveCfg = Release|Any CPU
		{FD5983EB-D871-4296-809C-D5AA44272D52}.Release|Any CPU.Build.0 = Release|Any CPU
	EndGlobalSection
	GlobalSection(SolutionProperties) = preSolution
		HideSolutionNode = FALSE
	EndGlobalSection
	GlobalSection(ExtensibilityGlobals) = postSolution
		SolutionGuid = {3522A8A5-9E67-4DFD-845B-8826C518468E}
	EndGlobalSection
EndGlobal
